
Microsoft Visual Studio Solution File, Format Version 12.00
# Visual Studio Version 17
VisualStudioVersion = 17.4.33205.214
MinimumVisualStudioVersion = 10.0.40219.1
Project("{FAE04EC0-301F-11D3-BF4B-00C04F79EFBC}") = "Unity.InputSystem.SourceGenerators", "SourceGenerators\Unity.InputSystem.SourceGenerators.csproj", "{6215306F-B2A2-44C2-9B97-3A38B97B324D}"
EndProject
Global
	GlobalSection(SolutionConfigurationPlatforms) = preSolution
		Debug|Any CPU = Debug|Any CPU
		Release|Any CPU = Release|Any CPU
	EndGlobalSection
	GlobalSection(ProjectConfigurationPlatforms) = postSolution
		{6215306F-B2A2-44C2-9B97-3A38B97B324D}.Debug|Any CPU.ActiveCfg = Debug|Any CPU
		{6215306F-B2A2-44C2-9B97-3A38B97B324D}.Debug|Any CPU.Build.0 = Debug|Any CPU
		{6215306F-B2A2-44C2-9B97-3A38B97B324D}.Release|Any CPU.ActiveCfg = Release|Any CPU
		{6215306F-B2A2-44C2-9B97-3A38B97B324D}.Release|Any CPU.Build.0 = Release|Any CPU
	EndGlobalSection
	GlobalSection(SolutionProperties) = preSolution
		HideSolutionNode = FALSE
	EndGlobalSection
	GlobalSection(ExtensibilityGlobals) = postSolution
		SolutionGuid = {EF70B667-2E33-4BF9-8125-BB9A4D8F46C6}
	EndGlobalSection
EndGlobal
